
Microsoft Visual Studio Solution File, Format Version 11.00
# Visual Studio 2010
Project("{FAE04EC0-301F-11D3-BF4B-00C04F79EFBC}") = "ProjetoBloco.Modelo", "Projeto de Bloco DOO\ProjetoBloco.Modelo.csproj", "{14998120-2968-4726-8F8E-1041E34F9B99}"
EndProject
Project("{FAE04EC0-301F-11D3-BF4B-00C04F79EFBC}") = "ProjetoBloco.Fabrica", "ProjetoBlocoDOO.Factory\ProjetoBloco.Fabrica.csproj", "{4F6BA440-B17A-484A-8023-71D6C8F6E323}"
EndProject
Project("{FAE04EC0-301F-11D3-BF4B-00C04F79EFBC}") = "ProjetoBloco.Teste", "TestProject1\ProjetoBloco.Teste.csproj", "{E226BC3C-2AE9-4D2C-9762-EABF98FEE398}"
EndProject
Project("{FAE04EC0-301F-11D3-BF4B-00C04F79EFBC}") = "ProjetoBloco.DAO", "ProjetoBlocoDOO.DAO\ProjetoBloco.DAO.csproj", "{F47C4EE0-B78C-4E15-BE41-03FC389EF9D3}"
EndProject
Project("{FAE04EC0-301F-11D3-BF4B-00C04F79EFBC}") = "ProjetoBloco.DAO.EF", "ProjetoBlocoDOO.DAO.EntityFramework\ProjetoBloco.DAO.EF.csproj", "{8ED798C1-E6AA-4CF3-8A82-50292AE4CB1E}"
EndProject
Project("{2150E333-8FDC-42A3-9474-1A3956D46DE8}") = "Domínio", "Domínio", "{83A0ABC2-E184-4798-8ABB-BBE5F743DAA4}"
EndProject
Project("{2150E333-8FDC-42A3-9474-1A3956D46DE8}") = "Infra", "Infra", "{704FD2A1-1D14-4974-A1BB-36612EB33E28}"
EndProject
Project("{2150E333-8FDC-42A3-9474-1A3956D46DE8}") = "Teste", "Teste", "{409A65F5-76FB-490A-8B48-3B4E13090775}"
EndProject
Project("{FAE04EC0-301F-11D3-BF4B-00C04F79EFBC}") = "ProjetoBloco.Repositorio", "ProjetoBlocoDOO.Repository\ProjetoBloco.Repositorio.csproj", "{C5C3C20E-8B4E-4CB1-B240-E9F47F527590}"
EndProject
Global
	GlobalSection(TestCaseManagementSettings) = postSolution
		CategoryFile = Projeto de Bloco DOO.vsmdi
	EndGlobalSection
	GlobalSection(SolutionConfigurationPlatforms) = preSolution
		Debug|Any CPU = Debug|Any CPU
		Debug|Mixed Platforms = Debug|Mixed Platforms
		Debug|x86 = Debug|x86
		Release|Any CPU = Release|Any CPU
		Release|Mixed Platforms = Release|Mixed Platforms
		Release|x86 = Release|x86
	EndGlobalSection
	GlobalSection(ProjectConfigurationPlatforms) = postSolution
		{14998120-2968-4726-8F8E-1041E34F9B99}.Debug|Any CPU.ActiveCfg = Debug|Any CPU
		{14998120-2968-4726-8F8E-1041E34F9B99}.Debug|Any CPU.Build.0 = Debug|Any CPU
		{14998120-2968-4726-8F8E-1041E34F9B99}.Debug|Mixed Platforms.ActiveCfg = Debug|Any CPU
		{14998120-2968-4726-8F8E-1041E34F9B99}.Debug|Mixed Platforms.Build.0 = Debug|Any CPU
		{14998120-2968-4726-8F8E-1041E34F9B99}.Debug|x86.ActiveCfg = Debug|Any CPU
		{14998120-2968-4726-8F8E-1041E34F9B99}.Release|Any CPU.ActiveCfg = Release|Any CPU
		{14998120-2968-4726-8F8E-1041E34F9B99}.Release|Any CPU.Build.0 = Release|Any CPU
		{14998120-2968-4726-8F8E-1041E34F9B99}.Release|Mixed Platforms.ActiveCfg = Release|Any CPU
		{14998120-2968-4726-8F8E-1041E34F9B99}.Release|Mixed Platforms.Build.0 = Release|Any CPU
		{14998120-2968-4726-8F8E-1041E34F9B99}.Release|x86.ActiveCfg = Release|Any CPU
		{4F6BA440-B17A-484A-8023-71D6C8F6E323}.Debug|Any CPU.ActiveCfg = Debug|Any CPU
		{4F6BA440-B17A-484A-8023-71D6C8F6E323}.Debug|Any CPU.Build.0 = Debug|Any CPU
		{4F6BA440-B17A-484A-8023-71D6C8F6E323}.Debug|Mixed Platforms.ActiveCfg = Debug|Any CPU
		{4F6BA440-B17A-484A-8023-71D6C8F6E323}.Debug|Mixed Platforms.Build.0 = Debug|Any CPU
		{4F6BA440-B17A-484A-8023-71D6C8F6E323}.Debug|x86.ActiveCfg = Debug|Any CPU
		{4F6BA440-B17A-484A-8023-71D6C8F6E323}.Release|Any CPU.ActiveCfg = Release|Any CPU
		{4F6BA440-B17A-484A-8023-71D6C8F6E323}.Release|Any CPU.Build.0 = Release|Any CPU
		{4F6BA440-B17A-484A-8023-71D6C8F6E323}.Release|Mixed Platforms.ActiveCfg = Release|Any CPU
		{4F6BA440-B17A-484A-8023-71D6C8F6E323}.Release|Mixed Platforms.Build.0 = Release|Any CPU
		{4F6BA440-B17A-484A-8023-71D6C8F6E323}.Release|x86.ActiveCfg = Release|Any CPU
		{E226BC3C-2AE9-4D2C-9762-EABF98FEE398}.Debug|Any CPU.ActiveCfg = Debug|Any CPU
		{E226BC3C-2AE9-4D2C-9762-EABF98FEE398}.Debug|Any CPU.Build.0 = Debug|Any CPU
		{E226BC3C-2AE9-4D2C-9762-EABF98FEE398}.Debug|Mixed Platforms.ActiveCfg = Debug|Any CPU
		{E226BC3C-2AE9-4D2C-9762-EABF98FEE398}.Debug|Mixed Platforms.Build.0 = Debug|Any CPU
		{E226BC3C-2AE9-4D2C-9762-EABF98FEE398}.Debug|x86.ActiveCfg = Debug|Any CPU
		{E226BC3C-2AE9-4D2C-9762-EABF98FEE398}.Release|Any CPU.ActiveCfg = Release|Any CPU
		{E226BC3C-2AE9-4D2C-9762-EABF98FEE398}.Release|Any CPU.Build.0 = Release|Any CPU
		{E226BC3C-2AE9-4D2C-9762-EABF98FEE398}.Release|Mixed Platforms.ActiveCfg = Release|Any CPU
		{E226BC3C-2AE9-4D2C-9762-EABF98FEE398}.Release|Mixed Platforms.Build.0 = Release|Any CPU
		{E226BC3C-2AE9-4D2C-9762-EABF98FEE398}.Release|x86.ActiveCfg = Release|Any CPU
		{F47C4EE0-B78C-4E15-BE41-03FC389EF9D3}.Debug|Any CPU.ActiveCfg = Debug|Any CPU
		{F47C4EE0-B78C-4E15-BE41-03FC389EF9D3}.Debug|Any CPU.Build.0 = Debug|Any CPU
		{F47C4EE0-B78C-4E15-BE41-03FC389EF9D3}.Debug|Mixed Platforms.ActiveCfg = Debug|Any CPU
		{F47C4EE0-B78C-4E15-BE41-03FC389EF9D3}.Debug|Mixed Platforms.Build.0 = Debug|Any CPU
		{F47C4EE0-B78C-4E15-BE41-03FC389EF9D3}.Debug|x86.ActiveCfg = Debug|Any CPU
		{F47C4EE0-B78C-4E15-BE41-03FC389EF9D3}.Release|Any CPU.ActiveCfg = Release|Any CPU
		{F47C4EE0-B78C-4E15-BE41-03FC389EF9D3}.Release|Any CPU.Build.0 = Release|Any CPU
		{F47C4EE0-B78C-4E15-BE41-03FC389EF9D3}.Release|Mixed Platforms.ActiveCfg = Release|Any CPU
		{F47C4EE0-B78C-4E15-BE41-03FC389EF9D3}.Release|Mixed Platforms.Build.0 = Release|Any CPU
		{F47C4EE0-B78C-4E15-BE41-03FC389EF9D3}.Release|x86.ActiveCfg = Release|Any CPU
		{8ED798C1-E6AA-4CF3-8A82-50292AE4CB1E}.Debug|Any CPU.ActiveCfg = Debug|Any CPU
		{8ED798C1-E6AA-4CF3-8A82-50292AE4CB1E}.Debug|Any CPU.Build.0 = Debug|Any CPU
		{8ED798C1-E6AA-4CF3-8A82-50292AE4CB1E}.Debug|Mixed Platforms.ActiveCfg = Debug|Any CPU
		{8ED798C1-E6AA-4CF3-8A82-50292AE4CB1E}.Debug|Mixed Platforms.Build.0 = Debug|Any CPU
		{8ED798C1-E6AA-4CF3-8A82-50292AE4CB1E}.Debug|x86.ActiveCfg = Debug|Any CPU
		{8ED798C1-E6AA-4CF3-8A82-50292AE4CB1E}.Release|Any CPU.ActiveCfg = Release|Any CPU
		{8ED798C1-E6AA-4CF3-8A82-50292AE4CB1E}.Release|Any CPU.Build.0 = Release|Any CPU
		{8ED798C1-E6AA-4CF3-8A82-50292AE4CB1E}.Release|Mixed Platforms.ActiveCfg = Release|Any CPU
		{8ED798C1-E6AA-4CF3-8A82-50292AE4CB1E}.Release|Mixed Platforms.Build.0 = Release|Any CPU
		{8ED798C1-E6AA-4CF3-8A82-50292AE4CB1E}.Release|x86.ActiveCfg = Release|Any CPU
		{C5C3C20E-8B4E-4CB1-B240-E9F47F527590}.Debug|Any CPU.ActiveCfg = Debug|Any CPU
		{C5C3C20E-8B4E-4CB1-B240-E9F47F527590}.Debug|Any CPU.Build.0 = Debug|Any CPU
		{C5C3C20E-8B4E-4CB1-B240-E9F47F527590}.Debug|Mixed Platforms.ActiveCfg = Debug|Any CPU
		{C5C3C20E-8B4E-4CB1-B240-E9F47F527590}.Debug|Mixed Platforms.Build.0 = Debug|Any CPU
		{C5C3C20E-8B4E-4CB1-B240-E9F47F527590}.Debug|x86.ActiveCfg = Debug|Any CPU
		{C5C3C20E-8B4E-4CB1-B240-E9F47F527590}.Release|Any CPU.ActiveCfg = Release|Any CPU
		{C5C3C20E-8B4E-4CB1-B240-E9F47F527590}.Release|Any CPU.Build.0 = Release|Any CPU
		{C5C3C20E-8B4E-4CB1-B240-E9F47F527590}.Release|Mixed Platforms.ActiveCfg = Release|Any CPU
		{C5C3C20E-8B4E-4CB1-B240-E9F47F527590}.Release|Mixed Platforms.Build.0 = Release|Any CPU
		{C5C3C20E-8B4E-4CB1-B240-E9F47F527590}.Release|x86.ActiveCfg = Release|Any CPU
	EndGlobalSection
	GlobalSection(SolutionProperties) = preSolution
		HideSolutionNode = FALSE
	EndGlobalSection
	GlobalSection(NestedProjects) = preSolution
		{14998120-2968-4726-8F8E-1041E34F9B99} = {83A0ABC2-E184-4798-8ABB-BBE5F743DAA4}
		{F47C4EE0-B78C-4E15-BE41-03FC389EF9D3} = {704FD2A1-1D14-4974-A1BB-36612EB33E28}
		{8ED798C1-E6AA-4CF3-8A82-50292AE4CB1E} = {704FD2A1-1D14-4974-A1BB-36612EB33E28}
		{4F6BA440-B17A-484A-8023-71D6C8F6E323} = {704FD2A1-1D14-4974-A1BB-36612EB33E28}
		{C5C3C20E-8B4E-4CB1-B240-E9F47F527590} = {704FD2A1-1D14-4974-A1BB-36612EB33E28}
		{E226BC3C-2AE9-4D2C-9762-EABF98FEE398} = {409A65F5-76FB-490A-8B48-3B4E13090775}
	EndGlobalSection
EndGlobal
